
Microsoft Visual Studio Solution File, Format Version 12.00
# Visual Studio 15
VisualStudioVersion = 15.0.28307.168
MinimumVisualStudioVersion = 10.0.40219.1
Project("{FAE04EC0-301F-11D3-BF4B-00C04F79EFBC}") = "CustomerAPI", "WebApplication1\CustomerAPI.csproj", "{06DAC203-B1F4-4344-B3FD-0B63C17A8C07}"
EndProject
Global
	GlobalSection(SolutionConfigurationPlatforms) = preSolution
		Debug|Any CPU = Debug|Any CPU
		Release|Any CPU = Release|Any CPU
	EndGlobalSection
	GlobalSection(ProjectConfigurationPlatforms) = postSolution
		{06DAC203-B1F4-4344-B3FD-0B63C17A8C07}.Debug|Any CPU.ActiveCfg = Debug|Any CPU
		{06DAC203-B1F4-4344-B3FD-0B63C17A8C07}.Debug|Any CPU.Build.0 = Debug|Any CPU
		{06DAC203-B1F4-4344-B3FD-0B63C17A8C07}.Release|Any CPU.ActiveCfg = Release|Any CPU
		{06DAC203-B1F4-4344-B3FD-0B63C17A8C07}.Release|Any CPU.Build.0 = Release|Any CPU
	EndGlobalSection
	GlobalSection(SolutionProperties) = preSolution
		HideSolutionNode = FALSE
	EndGlobalSection
	GlobalSection(ExtensibilityGlobals) = postSolution
		SolutionGuid = {279FAAB4-2E03-4F2A-99F8-28104A2B89EC}
	EndGlobalSection
EndGlobal
